{
  "name": "artur-rios-website",
  "version": "0.0.1",
  "lockfileVersion": 3,
  "requires": true,
  "packages": {
    "": {
      "name": "artur-rios-website",
      "version": "0.0.1",
      "license": "AGPL-3.0",
      "dependencies": {
        "simple-user-interface-components": "^0.0.6"
      }
    },
    "node_modules/simple-user-interface-components": {
      "version": "0.0.6",
      "resolved": "https://registry.npmjs.org/simple-user-interface-components/-/simple-user-interface-components-0.0.6.tgz",
      "integrity": "sha512-iCtZ70uV9XFgcLvEm01M/iOJh8ml588I9Nm+kiH1Ck9BFZRxa2MiuZ1BNIy1uh9YjN3gtEzh5YqP5UVMAUaHkA=="
    }
  }
}
