{
  "name": "artur-rios-website",
  "version": "0.0.1",
  "lockfileVersion": 3,
  "requires": true,
  "packages": {
    "": {
      "name": "artur-rios-website",
      "version": "0.0.1",
      "license": "AGPL-3.0",
      "dependencies": {
        "suic-agnostic": "^0.0.10"
      }
    },
    "node_modules/suic-agnostic": {
      "version": "0.0.10",
      "resolved": "https://registry.npmjs.org/suic-agnostic/-/suic-agnostic-0.0.10.tgz",
      "integrity": "sha512-jkCpjprAxAHWK5PAVmURsORxsMbBl9goXe8gigRs1uMad2bOJFfjcSzPze9neYNfL9/CL68uezeNhysNJZvTsw=="
    }
  }
}
